
Microsoft Visual Studio Solution File, Format Version 12.00
# Visual Studio Version 17
VisualStudioVersion = 17.5.33516.290
MinimumVisualStudioVersion = 10.0.40219.1
Project("{FAE04EC0-301F-11D3-BF4B-00C04F79EFBC}") = "trose extract vfs", "trose extract vfs\trose extract vfs.csproj", "{B1B3581B-14B6-4E71-84C6-3BDB6728577F}"
EndProject
Global
	GlobalSection(SolutionConfigurationPlatforms) = preSolution
		Debug|Any CPU = Debug|Any CPU
		Release|Any CPU = Release|Any CPU
	EndGlobalSection
	GlobalSection(ProjectConfigurationPlatforms) = postSolution
		{B1B3581B-14B6-4E71-84C6-3BDB6728577F}.Debug|Any CPU.ActiveCfg = Debug|Any CPU
		{B1B3581B-14B6-4E71-84C6-3BDB6728577F}.Debug|Any CPU.Build.0 = Debug|Any CPU
		{B1B3581B-14B6-4E71-84C6-3BDB6728577F}.Release|Any CPU.ActiveCfg = Release|Any CPU
		{B1B3581B-14B6-4E71-84C6-3BDB6728577F}.Release|Any CPU.Build.0 = Release|Any CPU
	EndGlobalSection
	GlobalSection(SolutionProperties) = preSolution
		HideSolutionNode = FALSE
	EndGlobalSection
	GlobalSection(ExtensibilityGlobals) = postSolution
		SolutionGuid = {04AAF306-FF00-4074-BEE0-CB75061F9460}
	EndGlobalSection
EndGlobal
